// !$*UTF8*$!
{
	archiveVersion = 1;
	classes = {
	};
	objectVersion = 50;
	objects = {

/* Begin PBXBuildFile section */
		93436FD32644417B0061C8F5 /* AppDelegate.swift in Sources */ = {isa = PBXBuildFile; fileRef = 93436FD22644417B0061C8F5 /* AppDelegate.swift */; };
		93436FDA2644417B0061C8F5 /* Main.storyboard in Resources */ = {isa = PBXBuildFile; fileRef = 93436FD82644417B0061C8F5 /* Main.storyboard */; };
		93436FDC2644417D0061C8F5 /* Assets.xcassets in Resources */ = {isa = PBXBuildFile; fileRef = 93436FDB2644417D0061C8F5 /* Assets.xcassets */; };
		93436FDF2644417D0061C8F5 /* LaunchScreen.storyboard in Resources */ = {isa = PBXBuildFile; fileRef = 93436FDD2644417D0061C8F5 /* LaunchScreen.storyboard */; };
		93436FEA2644417D0061C8F5 /* FortNightlyTests.swift in Sources */ = {isa = PBXBuildFile; fileRef = 93436FE92644417D0061C8F5 /* FortNightlyTests.swift */; };
		93436FF52644417D0061C8F5 /* FortNightlyUITests.swift in Sources */ = {isa = PBXBuildFile; fileRef = 93436FF42644417D0061C8F5 /* FortNightlyUITests.swift */; };
		93437012264447670061C8F5 /* Merriweather-Light.ttf in Resources */ = {isa = PBXBuildFile; fileRef = 9343700A264447660061C8F5 /* Merriweather-Light.ttf */; };
		93437013264447670061C8F5 /* Merriweather-BlackItalic.ttf in Resources */ = {isa = PBXBuildFile; fileRef = 9343700B264447660061C8F5 /* Merriweather-BlackItalic.ttf */; };
		93437014264447670061C8F5 /* Merriweather-Regular.ttf in Resources */ = {isa = PBXBuildFile; fileRef = 9343700C264447660061C8F5 /* Merriweather-Regular.ttf */; };
		93437015264447670061C8F5 /* Merriweather-LightItalic.ttf in Resources */ = {isa = PBXBuildFile; fileRef = 9343700D264447670061C8F5 /* Merriweather-LightItalic.ttf */; };
		93437016264447670061C8F5 /* Merriweather-Italic.ttf in Resources */ = {isa = PBXBuildFile; fileRef = 9343700E264447670061C8F5 /* Merriweather-Italic.ttf */; };
		93437017264447670061C8F5 /* Merriweather-Bold.ttf in Resources */ = {isa = PBXBuildFile; fileRef = 9343700F264447670061C8F5 /* Merriweather-Bold.ttf */; };
		93437018264447670061C8F5 /* Merriweather-Black.ttf in Resources */ = {isa = PBXBuildFile; fileRef = 93437010264447670061C8F5 /* Merriweather-Black.ttf */; };
		93437019264447670061C8F5 /* Merriweather-BoldItalic.ttf in Resources */ = {isa = PBXBuildFile; fileRef = 93437011264447670061C8F5 /* Merriweather-BoldItalic.ttf */; };
		93437032264447AA0061C8F5 /* LibreFranklin-Italic-VariableFont_wght.ttf in Resources */ = {isa = PBXBuildFile; fileRef = 93437030264447AA0061C8F5 /* LibreFranklin-Italic-VariableFont_wght.ttf */; };
		93437033264447AA0061C8F5 /* LibreFranklin-VariableFont_wght.ttf in Resources */ = {isa = PBXBuildFile; fileRef = 93437031264447AA0061C8F5 /* LibreFranklin-VariableFont_wght.ttf */; };
		93437037264447AD0061C8F5 /* LibreFranklin-Black.ttf in Resources */ = {isa = PBXBuildFile; fileRef = 934370242644479A0061C8F5 /* LibreFranklin-Black.ttf */; };
		9343703B264447B60061C8F5 /* LibreFranklin-ExtraLight.ttf in Resources */ = {isa = PBXBuildFile; fileRef = 934370292644479A0061C8F5 /* LibreFranklin-ExtraLight.ttf */; };
		9343703C264447B60061C8F5 /* LibreFranklin-ThinItalic.ttf in Resources */ = {isa = PBXBuildFile; fileRef = 934370262644479A0061C8F5 /* LibreFranklin-ThinItalic.ttf */; };
		9343703D264447B60061C8F5 /* LibreFranklin-Italic.ttf in Resources */ = {isa = PBXBuildFile; fileRef = 9343701E264447990061C8F5 /* LibreFranklin-Italic.ttf */; };
		9343703E264447B60061C8F5 /* LibreFranklin-Light.ttf in Resources */ = {isa = PBXBuildFile; fileRef = 9343702D2644479A0061C8F5 /* LibreFranklin-Light.ttf */; };
		9343703F264447B60061C8F5 /* LibreFranklin-Medium.ttf in Resources */ = {isa = PBXBuildFile; fileRef = 934370222644479A0061C8F5 /* LibreFranklin-Medium.ttf */; };
		93437040264447B60061C8F5 /* LibreFranklin-ExtraLightItalic.ttf in Resources */ = {isa = PBXBuildFile; fileRef = 9343702B2644479A0061C8F5 /* LibreFranklin-ExtraLightItalic.ttf */; };
		93437041264447B60061C8F5 /* LibreFranklin-ExtraBold.ttf in Resources */ = {isa = PBXBuildFile; fileRef = 9343702F2644479A0061C8F5 /* LibreFranklin-ExtraBold.ttf */; };
		93437042264447B60061C8F5 /* LibreFranklin-Bold.ttf in Resources */ = {isa = PBXBuildFile; fileRef = 934370282644479A0061C8F5 /* LibreFranklin-Bold.ttf */; };
		93437043264447B60061C8F5 /* LibreFranklin-MediumItalic.ttf in Resources */ = {isa = PBXBuildFile; fileRef = 934370232644479A0061C8F5 /* LibreFranklin-MediumItalic.ttf */; };
		93437044264447B60061C8F5 /* LibreFranklin-SemiBold.ttf in Resources */ = {isa = PBXBuildFile; fileRef = 934370212644479A0061C8F5 /* LibreFranklin-SemiBold.ttf */; };
		93437045264447B60061C8F5 /* LibreFranklin-ExtraBoldItalic.ttf in Resources */ = {isa = PBXBuildFile; fileRef = 9343702C2644479A0061C8F5 /* LibreFranklin-ExtraBoldItalic.ttf */; };
		93437046264447B60061C8F5 /* LibreFranklin-Regular.ttf in Resources */ = {isa = PBXBuildFile; fileRef = 9343702A2644479A0061C8F5 /* LibreFranklin-Regular.ttf */; };
		93437047264447B60061C8F5 /* LibreFranklin-BlackItalic.ttf in Resources */ = {isa = PBXBuildFile; fileRef = 9343701F264447990061C8F5 /* LibreFranklin-BlackItalic.ttf */; };
		93437048264447B60061C8F5 /* LibreFranklin-Thin.ttf in Resources */ = {isa = PBXBuildFile; fileRef = 934370252644479A0061C8F5 /* LibreFranklin-Thin.ttf */; };
		93437049264447B60061C8F5 /* LibreFranklin-SemiBoldItalic.ttf in Resources */ = {isa = PBXBuildFile; fileRef = 934370272644479A0061C8F5 /* LibreFranklin-SemiBoldItalic.ttf */; };
		9343704A264447B60061C8F5 /* LibreFranklin-LightItalic.ttf in Resources */ = {isa = PBXBuildFile; fileRef = 934370202644479A0061C8F5 /* LibreFranklin-LightItalic.ttf */; };
		9343704B264447B60061C8F5 /* LibreFranklin-BoldItalic.ttf in Resources */ = {isa = PBXBuildFile; fileRef = 9343702E2644479A0061C8F5 /* LibreFranklin-BoldItalic.ttf */; };
		93437060264448A20061C8F5 /* NetworkManager.swift in Sources */ = {isa = PBXBuildFile; fileRef = 9343705F264448A20061C8F5 /* NetworkManager.swift */; };
		93437065264448CE0061C8F5 /* FNError.swift in Sources */ = {isa = PBXBuildFile; fileRef = 93437064264448CE0061C8F5 /* FNError.swift */; };
		9343706A264448F60061C8F5 /* Constants.swift in Sources */ = {isa = PBXBuildFile; fileRef = 93437069264448F60061C8F5 /* Constants.swift */; };
		9343706F2644491E0061C8F5 /* Utilities.swift in Sources */ = {isa = PBXBuildFile; fileRef = 9343706E2644491E0061C8F5 /* Utilities.swift */; };
		9343707926444D9E0061C8F5 /* ArticlesViewController.swift in Sources */ = {isa = PBXBuildFile; fileRef = 9343707826444D9E0061C8F5 /* ArticlesViewController.swift */; };
		9343707E2644507E0061C8F5 /* ServerKeys.swift in Sources */ = {isa = PBXBuildFile; fileRef = 9343707D2644507E0061C8F5 /* ServerKeys.swift */; };
		9343708E264459110061C8F5 /* ArticlesViewInteractor.swift in Sources */ = {isa = PBXBuildFile; fileRef = 9343708D264459110061C8F5 /* ArticlesViewInteractor.swift */; };
		934370962644591B0061C8F5 /* ArticlesViewPresenter.swift in Sources */ = {isa = PBXBuildFile; fileRef = 934370952644591B0061C8F5 /* ArticlesViewPresenter.swift */; };
		9343709B26445C5F0061C8F5 /* GetArticlesRequestResponse.swift in Sources */ = {isa = PBXBuildFile; fileRef = 9343709A26445C5F0061C8F5 /* GetArticlesRequestResponse.swift */; };
		934370A026445D530061C8F5 /* ArticlesViewConfigurator.swift in Sources */ = {isa = PBXBuildFile; fileRef = 9343709F26445D530061C8F5 /* ArticlesViewConfigurator.swift */; };
		934370A526445D670061C8F5 /* ArticlesViewRouter.swift in Sources */ = {isa = PBXBuildFile; fileRef = 934370A426445D670061C8F5 /* ArticlesViewRouter.swift */; };
		934370AA264465420061C8F5 /* ArticleModel.swift in Sources */ = {isa = PBXBuildFile; fileRef = 934370A9264465420061C8F5 /* ArticleModel.swift */; };
		934370B226448AD70061C8F5 /* UIImage+Extensions.swift in Sources */ = {isa = PBXBuildFile; fileRef = 934370B126448AD70061C8F5 /* UIImage+Extensions.swift */; };
		934370B726448AF40061C8F5 /* UIImageView+Extensions.swift in Sources */ = {isa = PBXBuildFile; fileRef = 934370B626448AF40061C8F5 /* UIImageView+Extensions.swift */; };
		934370BC2644C7940061C8F5 /* ArticleTableViewCell.swift in Sources */ = {isa = PBXBuildFile; fileRef = 934370BB2644C7940061C8F5 /* ArticleTableViewCell.swift */; };
		934370C42644D2380061C8F5 /* UIFont+Extensions.swift in Sources */ = {isa = PBXBuildFile; fileRef = 934370C32644D2380061C8F5 /* UIFont+Extensions.swift */; };
		934370C92644E0D40061C8F5 /* ArticleHeaderView.swift in Sources */ = {isa = PBXBuildFile; fileRef = 934370C82644E0D40061C8F5 /* ArticleHeaderView.swift */; };
		934370CE2644F7F40061C8F5 /* UINavigation+Extensions.swift in Sources */ = {isa = PBXBuildFile; fileRef = 934370CD2644F7F40061C8F5 /* UINavigation+Extensions.swift */; };
/* End PBXBuildFile section */

/* Begin PBXContainerItemProxy section */
		93436FE62644417D0061C8F5 /* PBXContainerItemProxy */ = {
			isa = PBXContainerItemProxy;
			containerPortal = 93436FC72644417B0061C8F5 /* Project object */;
			proxyType = 1;
			remoteGlobalIDString = 93436FCE2644417B0061C8F5;
			remoteInfo = FortNightly;
		};
		93436FF12644417D0061C8F5 /* PBXContainerItemProxy */ = {
			isa = PBXContainerItemProxy;
			containerPortal = 93436FC72644417B0061C8F5 /* Project object */;
			proxyType = 1;
			remoteGlobalIDString = 93436FCE2644417B0061C8F5;
			remoteInfo = FortNightly;
		};
/* End PBXContainerItemProxy section */

/* Begin PBXFileReference section */
		93436FCF2644417B0061C8F5 /* FortNightly.app */ = {isa = PBXFileReference; explicitFileType = wrapper.application; includeInIndex = 0; path = FortNightly.app; sourceTree = BUILT_PRODUCTS_DIR; };
		93436FD22644417B0061C8F5 /* AppDelegate.swift */ = {isa = PBXFileReference; lastKnownFileType = sourcecode.swift; path = AppDelegate.swift; sourceTree = "<group>"; };
		93436FD92644417B0061C8F5 /* Base */ = {isa = PBXFileReference; lastKnownFileType = file.storyboard; name = Base; path = Base.lproj/Main.storyboard; sourceTree = "<group>"; };
		93436FDB2644417D0061C8F5 /* Assets.xcassets */ = {isa = PBXFileReference; lastKnownFileType = folder.assetcatalog; path = Assets.xcassets; sourceTree = "<group>"; };
		93436FDE2644417D0061C8F5 /* Base */ = {isa = PBXFileReference; lastKnownFileType = file.storyboard; name = Base; path = Base.lproj/LaunchScreen.storyboard; sourceTree = "<group>"; };
		93436FE02644417D0061C8F5 /* Info.plist */ = {isa = PBXFileReference; lastKnownFileType = text.plist.xml; path = Info.plist; sourceTree = "<group>"; };
		93436FE52644417D0061C8F5 /* FortNightlyTests.xctest */ = {isa = PBXFileReference; explicitFileType = wrapper.cfbundle; includeInIndex = 0; path = FortNightlyTests.xctest; sourceTree = BUILT_PRODUCTS_DIR; };
		93436FE92644417D0061C8F5 /* FortNightlyTests.swift */ = {isa = PBXFileReference; lastKnownFileType = sourcecode.swift; path = FortNightlyTests.swift; sourceTree = "<group>"; };
		93436FEB2644417D0061C8F5 /* Info.plist */ = {isa = PBXFileReference; lastKnownFileType = text.plist.xml; path = Info.plist; sourceTree = "<group>"; };
		93436FF02644417D0061C8F5 /* FortNightlyUITests.xctest */ = {isa = PBXFileReference; explicitFileType = wrapper.cfbundle; includeInIndex = 0; path = FortNightlyUITests.xctest; sourceTree = BUILT_PRODUCTS_DIR; };
		93436FF42644417D0061C8F5 /* FortNightlyUITests.swift */ = {isa = PBXFileReference; lastKnownFileType = sourcecode.swift; path = FortNightlyUITests.swift; sourceTree = "<group>"; };
		93436FF62644417D0061C8F5 /* Info.plist */ = {isa = PBXFileReference; lastKnownFileType = text.plist.xml; path = Info.plist; sourceTree = "<group>"; };
		9343700A264447660061C8F5 /* Merriweather-Light.ttf */ = {isa = PBXFileReference; lastKnownFileType = file; path = "Merriweather-Light.ttf"; sourceTree = "<group>"; };
		9343700B264447660061C8F5 /* Merriweather-BlackItalic.ttf */ = {isa = PBXFileReference; lastKnownFileType = file; path = "Merriweather-BlackItalic.ttf"; sourceTree = "<group>"; };
		9343700C264447660061C8F5 /* Merriweather-Regular.ttf */ = {isa = PBXFileReference; lastKnownFileType = file; path = "Merriweather-Regular.ttf"; sourceTree = "<group>"; };
		9343700D264447670061C8F5 /* Merriweather-LightItalic.ttf */ = {isa = PBXFileReference; lastKnownFileType = file; path = "Merriweather-LightItalic.ttf"; sourceTree = "<group>"; };
		9343700E264447670061C8F5 /* Merriweather-Italic.ttf */ = {isa = PBXFileReference; lastKnownFileType = file; path = "Merriweather-Italic.ttf"; sourceTree = "<group>"; };
		9343700F264447670061C8F5 /* Merriweather-Bold.ttf */ = {isa = PBXFileReference; lastKnownFileType = file; path = "Merriweather-Bold.ttf"; sourceTree = "<group>"; };
		93437010264447670061C8F5 /* Merriweather-Black.ttf */ = {isa = PBXFileReference; lastKnownFileType = file; path = "Merriweather-Black.ttf"; sourceTree = "<group>"; };
		93437011264447670061C8F5 /* Merriweather-BoldItalic.ttf */ = {isa = PBXFileReference; lastKnownFileType = file; path = "Merriweather-BoldItalic.ttf"; sourceTree = "<group>"; };
		9343701E264447990061C8F5 /* LibreFranklin-Italic.ttf */ = {isa = PBXFileReference; lastKnownFileType = file; path = "LibreFranklin-Italic.ttf"; sourceTree = "<group>"; };
		9343701F264447990061C8F5 /* LibreFranklin-BlackItalic.ttf */ = {isa = PBXFileReference; lastKnownFileType = file; path = "LibreFranklin-BlackItalic.ttf"; sourceTree = "<group>"; };
		934370202644479A0061C8F5 /* LibreFranklin-LightItalic.ttf */ = {isa = PBXFileReference; lastKnownFileType = file; path = "LibreFranklin-LightItalic.ttf"; sourceTree = "<group>"; };
		934370212644479A0061C8F5 /* LibreFranklin-SemiBold.ttf */ = {isa = PBXFileReference; lastKnownFileType = file; path = "LibreFranklin-SemiBold.ttf"; sourceTree = "<group>"; };
		934370222644479A0061C8F5 /* LibreFranklin-Medium.ttf */ = {isa = PBXFileReference; lastKnownFileType = file; path = "LibreFranklin-Medium.ttf"; sourceTree = "<group>"; };
		934370232644479A0061C8F5 /* LibreFranklin-MediumItalic.ttf */ = {isa = PBXFileReference; lastKnownFileType = file; path = "LibreFranklin-MediumItalic.ttf"; sourceTree = "<group>"; };
		934370242644479A0061C8F5 /* LibreFranklin-Black.ttf */ = {isa = PBXFileReference; lastKnownFileType = file; path = "LibreFranklin-Black.ttf"; sourceTree = "<group>"; };
		934370252644479A0061C8F5 /* LibreFranklin-Thin.ttf */ = {isa = PBXFileReference; lastKnownFileType = file; path = "LibreFranklin-Thin.ttf"; sourceTree = "<group>"; };
		934370262644479A0061C8F5 /* LibreFranklin-ThinItalic.ttf */ = {isa = PBXFileReference; lastKnownFileType = file; path = "LibreFranklin-ThinItalic.ttf"; sourceTree = "<group>"; };
		934370272644479A0061C8F5 /* LibreFranklin-SemiBoldItalic.ttf */ = {isa = PBXFileReference; lastKnownFileType = file; path = "LibreFranklin-SemiBoldItalic.ttf"; sourceTree = "<group>"; };
		934370282644479A0061C8F5 /* LibreFranklin-Bold.ttf */ = {isa = PBXFileReference; lastKnownFileType = file; path = "LibreFranklin-Bold.ttf"; sourceTree = "<group>"; };
		934370292644479A0061C8F5 /* LibreFranklin-ExtraLight.ttf */ = {isa = PBXFileReference; lastKnownFileType = file; path = "LibreFranklin-ExtraLight.ttf"; sourceTree = "<group>"; };
		9343702A2644479A0061C8F5 /* LibreFranklin-Regular.ttf */ = {isa = PBXFileReference; lastKnownFileType = file; path = "LibreFranklin-Regular.ttf"; sourceTree = "<group>"; };
		9343702B2644479A0061C8F5 /* LibreFranklin-ExtraLightItalic.ttf */ = {isa = PBXFileReference; lastKnownFileType = file; path = "LibreFranklin-ExtraLightItalic.ttf"; sourceTree = "<group>"; };
		9343702C2644479A0061C8F5 /* LibreFranklin-ExtraBoldItalic.ttf */ = {isa = PBXFileReference; lastKnownFileType = file; path = "LibreFranklin-ExtraBoldItalic.ttf"; sourceTree = "<group>"; };
		9343702D2644479A0061C8F5 /* LibreFranklin-Light.ttf */ = {isa = PBXFileReference; lastKnownFileType = file; path = "LibreFranklin-Light.ttf"; sourceTree = "<group>"; };
		9343702E2644479A0061C8F5 /* LibreFranklin-BoldItalic.ttf */ = {isa = PBXFileReference; lastKnownFileType = file; path = "LibreFranklin-BoldItalic.ttf"; sourceTree = "<group>"; };
		9343702F2644479A0061C8F5 /* LibreFranklin-ExtraBold.ttf */ = {isa = PBXFileReference; lastKnownFileType = file; path = "LibreFranklin-ExtraBold.ttf"; sourceTree = "<group>"; };
		93437030264447AA0061C8F5 /* LibreFranklin-Italic-VariableFont_wght.ttf */ = {isa = PBXFileReference; lastKnownFileType = file; path = "LibreFranklin-Italic-VariableFont_wght.ttf"; sourceTree = "<group>"; };
		93437031264447AA0061C8F5 /* LibreFranklin-VariableFont_wght.ttf */ = {isa = PBXFileReference; lastKnownFileType = file; path = "LibreFranklin-VariableFont_wght.ttf"; sourceTree = "<group>"; };
		9343705F264448A20061C8F5 /* NetworkManager.swift */ = {isa = PBXFileReference; lastKnownFileType = sourcecode.swift; path = NetworkManager.swift; sourceTree = "<group>"; };
		93437064264448CE0061C8F5 /* FNError.swift */ = {isa = PBXFileReference; lastKnownFileType = sourcecode.swift; path = FNError.swift; sourceTree = "<group>"; };
		93437069264448F60061C8F5 /* Constants.swift */ = {isa = PBXFileReference; lastKnownFileType = sourcecode.swift; path = Constants.swift; sourceTree = "<group>"; };
		9343706E2644491E0061C8F5 /* Utilities.swift */ = {isa = PBXFileReference; lastKnownFileType = sourcecode.swift; path = Utilities.swift; sourceTree = "<group>"; };
		9343707826444D9E0061C8F5 /* ArticlesViewController.swift */ = {isa = PBXFileReference; lastKnownFileType = sourcecode.swift; path = ArticlesViewController.swift; sourceTree = "<group>"; };
		9343707D2644507E0061C8F5 /* ServerKeys.swift */ = {isa = PBXFileReference; lastKnownFileType = sourcecode.swift; path = ServerKeys.swift; sourceTree = "<group>"; };
		9343708D264459110061C8F5 /* ArticlesViewInteractor.swift */ = {isa = PBXFileReference; lastKnownFileType = sourcecode.swift; path = ArticlesViewInteractor.swift; sourceTree = "<group>"; };
		934370952644591B0061C8F5 /* ArticlesViewPresenter.swift */ = {isa = PBXFileReference; lastKnownFileType = sourcecode.swift; path = ArticlesViewPresenter.swift; sourceTree = "<group>"; };
		9343709A26445C5F0061C8F5 /* GetArticlesRequestResponse.swift */ = {isa = PBXFileReference; lastKnownFileType = sourcecode.swift; path = GetArticlesRequestResponse.swift; sourceTree = "<group>"; };
		9343709F26445D530061C8F5 /* ArticlesViewConfigurator.swift */ = {isa = PBXFileReference; lastKnownFileType = sourcecode.swift; path = ArticlesViewConfigurator.swift; sourceTree = "<group>"; };
		934370A426445D670061C8F5 /* ArticlesViewRouter.swift */ = {isa = PBXFileReference; lastKnownFileType = sourcecode.swift; path = ArticlesViewRouter.swift; sourceTree = "<group>"; };
		934370A9264465420061C8F5 /* ArticleModel.swift */ = {isa = PBXFileReference; lastKnownFileType = sourcecode.swift; path = ArticleModel.swift; sourceTree = "<group>"; };
		934370B126448AD70061C8F5 /* UIImage+Extensions.swift */ = {isa = PBXFileReference; lastKnownFileType = sourcecode.swift; path = "UIImage+Extensions.swift"; sourceTree = "<group>"; };
		934370B626448AF40061C8F5 /* UIImageView+Extensions.swift */ = {isa = PBXFileReference; lastKnownFileType = sourcecode.swift; path = "UIImageView+Extensions.swift"; sourceTree = "<group>"; };
		934370BB2644C7940061C8F5 /* ArticleTableViewCell.swift */ = {isa = PBXFileReference; lastKnownFileType = sourcecode.swift; path = ArticleTableViewCell.swift; sourceTree = "<group>"; };
		934370C32644D2380061C8F5 /* UIFont+Extensions.swift */ = {isa = PBXFileReference; lastKnownFileType = sourcecode.swift; path = "UIFont+Extensions.swift"; sourceTree = "<group>"; };
		934370C82644E0D40061C8F5 /* ArticleHeaderView.swift */ = {isa = PBXFileReference; lastKnownFileType = sourcecode.swift; path = ArticleHeaderView.swift; sourceTree = "<group>"; };
		934370CD2644F7F40061C8F5 /* UINavigation+Extensions.swift */ = {isa = PBXFileReference; lastKnownFileType = sourcecode.swift; path = "UINavigation+Extensions.swift"; sourceTree = "<group>"; };
/* End PBXFileReference section */

/* Begin PBXFrameworksBuildPhase section */
		93436FCC2644417B0061C8F5 /* Frameworks */ = {
			isa = PBXFrameworksBuildPhase;
			buildActionMask = 2147483647;
			files = (
			);
			runOnlyForDeploymentPostprocessing = 0;
		};
		93436FE22644417D0061C8F5 /* Frameworks */ = {
			isa = PBXFrameworksBuildPhase;
			buildActionMask = 2147483647;
			files = (
			);
			runOnlyForDeploymentPostprocessing = 0;
		};
		93436FED2644417D0061C8F5 /* Frameworks */ = {
			isa = PBXFrameworksBuildPhase;
			buildActionMask = 2147483647;
			files = (
			);
			runOnlyForDeploymentPostprocessing = 0;
		};
/* End PBXFrameworksBuildPhase section */

/* Begin PBXGroup section */
		93436FC62644417B0061C8F5 = {
			isa = PBXGroup;
			children = (
				93436FD12644417B0061C8F5 /* FortNightly */,
				93436FE82644417D0061C8F5 /* FortNightlyTests */,
				93436FF32644417D0061C8F5 /* FortNightlyUITests */,
				93436FD02644417B0061C8F5 /* Products */,
			);
			sourceTree = "<group>";
		};
		93436FD02644417B0061C8F5 /* Products */ = {
			isa = PBXGroup;
			children = (
				93436FCF2644417B0061C8F5 /* FortNightly.app */,
				93436FE52644417D0061C8F5 /* FortNightlyTests.xctest */,
				93436FF02644417D0061C8F5 /* FortNightlyUITests.xctest */,
			);
			name = Products;
			sourceTree = "<group>";
		};
		93436FD12644417B0061C8F5 /* FortNightly */ = {
			isa = PBXGroup;
			children = (
				93436FD22644417B0061C8F5 /* AppDelegate.swift */,
				9343705E264448900061C8F5 /* Utilities */,
				9343707326444D5D0061C8F5 /* ArticlesModule */,
				93436FD82644417B0061C8F5 /* Main.storyboard */,
				93436FDB2644417D0061C8F5 /* Assets.xcassets */,
				93436FDD2644417D0061C8F5 /* LaunchScreen.storyboard */,
				93436FE02644417D0061C8F5 /* Info.plist */,
				934370082644472F0061C8F5 /* Fonts */,
			);
			path = FortNightly;
			sourceTree = "<group>";
		};
		93436FE82644417D0061C8F5 /* FortNightlyTests */ = {
			isa = PBXGroup;
			children = (
				93436FE92644417D0061C8F5 /* FortNightlyTests.swift */,
				93436FEB2644417D0061C8F5 /* Info.plist */,
			);
			path = FortNightlyTests;
			sourceTree = "<group>";
		};
		93436FF32644417D0061C8F5 /* FortNightlyUITests */ = {
			isa = PBXGroup;
			children = (
				93436FF42644417D0061C8F5 /* FortNightlyUITests.swift */,
				93436FF62644417D0061C8F5 /* Info.plist */,
			);
			path = FortNightlyUITests;
			sourceTree = "<group>";
		};
		934370082644472F0061C8F5 /* Fonts */ = {
			isa = PBXGroup;
			children = (
				9343701D264447740061C8F5 /* LibreFranklin */,
				93437009264447490061C8F5 /* MerriWeather */,
			);
			path = Fonts;
			sourceTree = "<group>";
		};
		93437009264447490061C8F5 /* MerriWeather */ = {
			isa = PBXGroup;
			children = (
				93437010264447670061C8F5 /* Merriweather-Black.ttf */,
				9343700B264447660061C8F5 /* Merriweather-BlackItalic.ttf */,
				9343700F264447670061C8F5 /* Merriweather-Bold.ttf */,
				93437011264447670061C8F5 /* Merriweather-BoldItalic.ttf */,
				9343700E264447670061C8F5 /* Merriweather-Italic.ttf */,
				9343700A264447660061C8F5 /* Merriweather-Light.ttf */,
				9343700D264447670061C8F5 /* Merriweather-LightItalic.ttf */,
				9343700C264447660061C8F5 /* Merriweather-Regular.ttf */,
			);
			path = MerriWeather;
			sourceTree = "<group>";
		};
		9343701D264447740061C8F5 /* LibreFranklin */ = {
			isa = PBXGroup;
			children = (
				934370242644479A0061C8F5 /* LibreFranklin-Black.ttf */,
				9343701F264447990061C8F5 /* LibreFranklin-BlackItalic.ttf */,
				934370282644479A0061C8F5 /* LibreFranklin-Bold.ttf */,
				9343702E2644479A0061C8F5 /* LibreFranklin-BoldItalic.ttf */,
				9343702F2644479A0061C8F5 /* LibreFranklin-ExtraBold.ttf */,
				9343702C2644479A0061C8F5 /* LibreFranklin-ExtraBoldItalic.ttf */,
				934370292644479A0061C8F5 /* LibreFranklin-ExtraLight.ttf */,
				9343702B2644479A0061C8F5 /* LibreFranklin-ExtraLightItalic.ttf */,
				9343701E264447990061C8F5 /* LibreFranklin-Italic.ttf */,
				9343702D2644479A0061C8F5 /* LibreFranklin-Light.ttf */,
				934370202644479A0061C8F5 /* LibreFranklin-LightItalic.ttf */,
				934370222644479A0061C8F5 /* LibreFranklin-Medium.ttf */,
				934370232644479A0061C8F5 /* LibreFranklin-MediumItalic.ttf */,
				9343702A2644479A0061C8F5 /* LibreFranklin-Regular.ttf */,
				934370212644479A0061C8F5 /* LibreFranklin-SemiBold.ttf */,
				934370272644479A0061C8F5 /* LibreFranklin-SemiBoldItalic.ttf */,
				934370252644479A0061C8F5 /* LibreFranklin-Thin.ttf */,
				934370262644479A0061C8F5 /* LibreFranklin-ThinItalic.ttf */,
				93437030264447AA0061C8F5 /* LibreFranklin-Italic-VariableFont_wght.ttf */,
				93437031264447AA0061C8F5 /* LibreFranklin-VariableFont_wght.ttf */,
			);
			path = LibreFranklin;
			sourceTree = "<group>";
		};
		9343705E264448900061C8F5 /* Utilities */ = {
			isa = PBXGroup;
			children = (
				9343705F264448A20061C8F5 /* NetworkManager.swift */,
				93437064264448CE0061C8F5 /* FNError.swift */,
				93437069264448F60061C8F5 /* Constants.swift */,
				9343706E2644491E0061C8F5 /* Utilities.swift */,
				9343707D2644507E0061C8F5 /* ServerKeys.swift */,
				934370B626448AF40061C8F5 /* UIImageView+Extensions.swift */,
				934370B126448AD70061C8F5 /* UIImage+Extensions.swift */,
				934370C32644D2380061C8F5 /* UIFont+Extensions.swift */,
				934370CD2644F7F40061C8F5 /* UINavigation+Extensions.swift */,
			);
			path = Utilities;
			sourceTree = "<group>";
		};
		9343707326444D5D0061C8F5 /* ArticlesModule */ = {
			isa = PBXGroup;
			children = (
				934370832644579B0061C8F5 /* View */,
				9343708C2644581B0061C8F5 /* Interactor */,
				93437087264457AD0061C8F5 /* Presenter */,
				93437089264457BB0061C8F5 /* Entity */,
				9343708A264457C20061C8F5 /* Router */,
				9343708B264457C80061C8F5 /* Configurator */,
			);
			path = ArticlesModule;
			sourceTree = "<group>";
		};
		934370832644579B0061C8F5 /* View */ = {
			isa = PBXGroup;
			children = (
				9343707826444D9E0061C8F5 /* ArticlesViewController.swift */,
				934370BB2644C7940061C8F5 /* ArticleTableViewCell.swift */,
				934370C82644E0D40061C8F5 /* ArticleHeaderView.swift */,
			);
			path = View;
			sourceTree = "<group>";
		};
		93437087264457AD0061C8F5 /* Presenter */ = {
			isa = PBXGroup;
			children = (
				934370952644591B0061C8F5 /* ArticlesViewPresenter.swift */,
			);
			path = Presenter;
			sourceTree = "<group>";
		};
		93437089264457BB0061C8F5 /* Entity */ = {
			isa = PBXGroup;
			children = (
				934370A9264465420061C8F5 /* ArticleModel.swift */,
			);
			path = Entity;
			sourceTree = "<group>";
		};
		9343708A264457C20061C8F5 /* Router */ = {
			isa = PBXGroup;
			children = (
				934370A426445D670061C8F5 /* ArticlesViewRouter.swift */,
			);
			path = Router;
			sourceTree = "<group>";
		};
		9343708B264457C80061C8F5 /* Configurator */ = {
			isa = PBXGroup;
			children = (
				9343709F26445D530061C8F5 /* ArticlesViewConfigurator.swift */,
			);
			path = Configurator;
			sourceTree = "<group>";
		};
		9343708C2644581B0061C8F5 /* Interactor */ = {
			isa = PBXGroup;
			children = (
				9343708D264459110061C8F5 /* ArticlesViewInteractor.swift */,
				9343709A26445C5F0061C8F5 /* GetArticlesRequestResponse.swift */,
			);
			path = Interactor;
			sourceTree = "<group>";
		};
/* End PBXGroup section */

/* Begin PBXNativeTarget section */
		93436FCE2644417B0061C8F5 /* FortNightly */ = {
			isa = PBXNativeTarget;
			buildConfigurationList = 93436FF92644417D0061C8F5 /* Build configuration list for PBXNativeTarget "FortNightly" */;
			buildPhases = (
				93436FCB2644417B0061C8F5 /* Sources */,
				93436FCC2644417B0061C8F5 /* Frameworks */,
				93436FCD2644417B0061C8F5 /* Resources */,
			);
			buildRules = (
			);
			dependencies = (
			);
			name = FortNightly;
			productName = FortNightly;
			productReference = 93436FCF2644417B0061C8F5 /* FortNightly.app */;
			productType = "com.apple.product-type.application";
		};
		93436FE42644417D0061C8F5 /* FortNightlyTests */ = {
			isa = PBXNativeTarget;
			buildConfigurationList = 93436FFC2644417D0061C8F5 /* Build configuration list for PBXNativeTarget "FortNightlyTests" */;
			buildPhases = (
				93436FE12644417D0061C8F5 /* Sources */,
				93436FE22644417D0061C8F5 /* Frameworks */,
				93436FE32644417D0061C8F5 /* Resources */,
			);
			buildRules = (
			);
			dependencies = (
				93436FE72644417D0061C8F5 /* PBXTargetDependency */,
			);
			name = FortNightlyTests;
			productName = FortNightlyTests;
			productReference = 93436FE52644417D0061C8F5 /* FortNightlyTests.xctest */;
			productType = "com.apple.product-type.bundle.unit-test";
		};
		93436FEF2644417D0061C8F5 /* FortNightlyUITests */ = {
			isa = PBXNativeTarget;
			buildConfigurationList = 93436FFF2644417D0061C8F5 /* Build configuration list for PBXNativeTarget "FortNightlyUITests" */;
			buildPhases = (
				93436FEC2644417D0061C8F5 /* Sources */,
				93436FED2644417D0061C8F5 /* Frameworks */,
				93436FEE2644417D0061C8F5 /* Resources */,
			);
			buildRules = (
			);
			dependencies = (
				93436FF22644417D0061C8F5 /* PBXTargetDependency */,
			);
			name = FortNightlyUITests;
			productName = FortNightlyUITests;
			productReference = 93436FF02644417D0061C8F5 /* FortNightlyUITests.xctest */;
			productType = "com.apple.product-type.bundle.ui-testing";
		};
/* End PBXNativeTarget section */

/* Begin PBXProject section */
		93436FC72644417B0061C8F5 /* Project object */ = {
			isa = PBXProject;
			attributes = {
				LastSwiftUpdateCheck = 1200;
				LastUpgradeCheck = 1200;
				TargetAttributes = {
					93436FCE2644417B0061C8F5 = {
						CreatedOnToolsVersion = 12.0.1;
					};
					93436FE42644417D0061C8F5 = {
						CreatedOnToolsVersion = 12.0.1;
						TestTargetID = 93436FCE2644417B0061C8F5;
					};
					93436FEF2644417D0061C8F5 = {
						CreatedOnToolsVersion = 12.0.1;
						TestTargetID = 93436FCE2644417B0061C8F5;
					};
				};
			};
			buildConfigurationList = 93436FCA2644417B0061C8F5 /* Build configuration list for PBXProject "FortNightly" */;
			compatibilityVersion = "Xcode 9.3";
			developmentRegion = en;
			hasScannedForEncodings = 0;
			knownRegions = (
				en,
				Base,
			);
			mainGroup = 93436FC62644417B0061C8F5;
			productRefGroup = 93436FD02644417B0061C8F5 /* Products */;
			projectDirPath = "";
			projectRoot = "";
			targets = (
				93436FCE2644417B0061C8F5 /* FortNightly */,
				93436FE42644417D0061C8F5 /* FortNightlyTests */,
				93436FEF2644417D0061C8F5 /* FortNightlyUITests */,
			);
		};
/* End PBXProject section */

/* Begin PBXResourcesBuildPhase section */
		93436FCD2644417B0061C8F5 /* Resources */ = {
			isa = PBXResourcesBuildPhase;
			buildActionMask = 2147483647;
			files = (
				93436FDF2644417D0061C8F5 /* LaunchScreen.storyboard in Resources */,
				93437048264447B60061C8F5 /* LibreFranklin-Thin.ttf in Resources */,
				93437042264447B60061C8F5 /* LibreFranklin-Bold.ttf in Resources */,
				9343703C264447B60061C8F5 /* LibreFranklin-ThinItalic.ttf in Resources */,
				9343704B264447B60061C8F5 /* LibreFranklin-BoldItalic.ttf in Resources */,
				9343703D264447B60061C8F5 /* LibreFranklin-Italic.ttf in Resources */,
				93437045264447B60061C8F5 /* LibreFranklin-ExtraBoldItalic.ttf in Resources */,
				93437018264447670061C8F5 /* Merriweather-Black.ttf in Resources */,
				93437044264447B60061C8F5 /* LibreFranklin-SemiBold.ttf in Resources */,
				93437015264447670061C8F5 /* Merriweather-LightItalic.ttf in Resources */,
				9343703B264447B60061C8F5 /* LibreFranklin-ExtraLight.ttf in Resources */,
				93437013264447670061C8F5 /* Merriweather-BlackItalic.ttf in Resources */,
				93437033264447AA0061C8F5 /* LibreFranklin-VariableFont_wght.ttf in Resources */,
				93436FDC2644417D0061C8F5 /* Assets.xcassets in Resources */,
				93437012264447670061C8F5 /* Merriweather-Light.ttf in Resources */,
				93437041264447B60061C8F5 /* LibreFranklin-ExtraBold.ttf in Resources */,
				9343704A264447B60061C8F5 /* LibreFranklin-LightItalic.ttf in Resources */,
				9343703F264447B60061C8F5 /* LibreFranklin-Medium.ttf in Resources */,
				93437016264447670061C8F5 /* Merriweather-Italic.ttf in Resources */,
				93437037264447AD0061C8F5 /* LibreFranklin-Black.ttf in Resources */,
				93437032264447AA0061C8F5 /* LibreFranklin-Italic-VariableFont_wght.ttf in Resources */,
				93437019264447670061C8F5 /* Merriweather-BoldItalic.ttf in Resources */,
				93437049264447B60061C8F5 /* LibreFranklin-SemiBoldItalic.ttf in Resources */,
				93437046264447B60061C8F5 /* LibreFranklin-Regular.ttf in Resources */,
				93437047264447B60061C8F5 /* LibreFranklin-BlackItalic.ttf in Resources */,
				93437017264447670061C8F5 /* Merriweather-Bold.ttf in Resources */,
				93437040264447B60061C8F5 /* LibreFranklin-ExtraLightItalic.ttf in Resources */,
				9343703E264447B60061C8F5 /* LibreFranklin-Light.ttf in Resources */,
				93437014264447670061C8F5 /* Merriweather-Regular.ttf in Resources */,
				93437043264447B60061C8F5 /* LibreFranklin-MediumItalic.ttf in Resources */,
				93436FDA2644417B0061C8F5 /* Main.storyboard in Resources */,
			);
			runOnlyForDeploymentPostprocessing = 0;
		};
		93436FE32644417D0061C8F5 /* Resources */ = {
			isa = PBXResourcesBuildPhase;
			buildActionMask = 2147483647;
			files = (
			);
			runOnlyForDeploymentPostprocessing = 0;
		};
		93436FEE2644417D0061C8F5 /* Resources */ = {
			isa = PBXResourcesBuildPhase;
			buildActionMask = 2147483647;
			files = (
			);
			runOnlyForDeploymentPostprocessing = 0;
		};
/* End PBXResourcesBuildPhase section */

/* Begin PBXSourcesBuildPhase section */
		93436FCB2644417B0061C8F5 /* Sources */ = {
			isa = PBXSourcesBuildPhase;
			buildActionMask = 2147483647;
			files = (
				934370AA264465420061C8F5 /* ArticleModel.swift in Sources */,
				934370B726448AF40061C8F5 /* UIImageView+Extensions.swift in Sources */,
				9343706F2644491E0061C8F5 /* Utilities.swift in Sources */,
				934370A026445D530061C8F5 /* ArticlesViewConfigurator.swift in Sources */,
				934370B226448AD70061C8F5 /* UIImage+Extensions.swift in Sources */,
				934370A526445D670061C8F5 /* ArticlesViewRouter.swift in Sources */,
				9343706A264448F60061C8F5 /* Constants.swift in Sources */,
				9343709B26445C5F0061C8F5 /* GetArticlesRequestResponse.swift in Sources */,
				9343707E2644507E0061C8F5 /* ServerKeys.swift in Sources */,
				93437060264448A20061C8F5 /* NetworkManager.swift in Sources */,
				934370962644591B0061C8F5 /* ArticlesViewPresenter.swift in Sources */,
				9343708E264459110061C8F5 /* ArticlesViewInteractor.swift in Sources */,
				934370BC2644C7940061C8F5 /* ArticleTableViewCell.swift in Sources */,
				9343707926444D9E0061C8F5 /* ArticlesViewController.swift in Sources */,
				934370C92644E0D40061C8F5 /* ArticleHeaderView.swift in Sources */,
				934370CE2644F7F40061C8F5 /* UINavigation+Extensions.swift in Sources */,
				934370C42644D2380061C8F5 /* UIFont+Extensions.swift in Sources */,
				93437065264448CE0061C8F5 /* FNError.swift in Sources */,
				93436FD32644417B0061C8F5 /* AppDelegate.swift in Sources */,
			);
			runOnlyForDeploymentPostprocessing = 0;
		};
		93436FE12644417D0061C8F5 /* Sources */ = {
			isa = PBXSourcesBuildPhase;
			buildActionMask = 2147483647;
			files = (
				93436FEA2644417D0061C8F5 /* FortNightlyTests.swift in Sources */,
			);
			runOnlyForDeploymentPostprocessing = 0;
		};
		93436FEC2644417D0061C8F5 /* Sources */ = {
			isa = PBXSourcesBuildPhase;
			buildActionMask = 2147483647;
			files = (
				93436FF52644417D0061C8F5 /* FortNightlyUITests.swift in Sources */,
			);
			runOnlyForDeploymentPostprocessing = 0;
		};
/* End PBXSourcesBuildPhase section */

/* Begin PBXTargetDependency section */
		93436FE72644417D0061C8F5 /* PBXTargetDependency */ = {
			isa = PBXTargetDependency;
			target = 93436FCE2644417B0061C8F5 /* FortNightly */;
			targetProxy = 93436FE62644417D0061C8F5 /* PBXContainerItemProxy */;
		};
		93436FF22644417D0061C8F5 /* PBXTargetDependency */ = {
			isa = PBXTargetDependency;
			target = 93436FCE2644417B0061C8F5 /* FortNightly */;
			targetProxy = 93436FF12644417D0061C8F5 /* PBXContainerItemProxy */;
		};
/* End PBXTargetDependency section */

/* Begin PBXVariantGroup section */
		93436FD82644417B0061C8F5 /* Main.storyboard */ = {
			isa = PBXVariantGroup;
			children = (
				93436FD92644417B0061C8F5 /* Base */,
			);
			name = Main.storyboard;
			sourceTree = "<group>";
		};
		93436FDD2644417D0061C8F5 /* LaunchScreen.storyboard */ = {
			isa = PBXVariantGroup;
			children = (
				93436FDE2644417D0061C8F5 /* Base */,
			);
			name = LaunchScreen.storyboard;
			sourceTree = "<group>";
		};
/* End PBXVariantGroup section */

/* Begin XCBuildConfiguration section */
		93436FF72644417D0061C8F5 /* Debug */ = {
			isa = XCBuildConfiguration;
			buildSettings = {
				ALWAYS_SEARCH_USER_PATHS = NO;
				CLANG_ANALYZER_NONNULL = YES;
				CLANG_ANALYZER_NUMBER_OBJECT_CONVERSION = YES_AGGRESSIVE;
				CLANG_CXX_LANGUAGE_STANDARD = "gnu++14";
				CLANG_CXX_LIBRARY = "libc++";
				CLANG_ENABLE_MODULES = YES;
				CLANG_ENABLE_OBJC_ARC = YES;
				CLANG_ENABLE_OBJC_WEAK = YES;
				CLANG_WARN_BLOCK_CAPTURE_AUTORELEASING = YES;
				CLANG_WARN_BOOL_CONVERSION = YES;
				CLANG_WARN_COMMA = YES;
				CLANG_WARN_CONSTANT_CONVERSION = YES;
				CLANG_WARN_DEPRECATED_OBJC_IMPLEMENTATIONS = YES;
				CLANG_WARN_DIRECT_OBJC_ISA_USAGE = YES_ERROR;
				CLANG_WARN_DOCUMENTATION_COMMENTS = YES;
				CLANG_WARN_EMPTY_BODY = YES;
				CLANG_WARN_ENUM_CONVERSION = YES;
				CLANG_WARN_INFINITE_RECURSION = YES;
				CLANG_WARN_INT_CONVERSION = YES;
				CLANG_WARN_NON_LITERAL_NULL_CONVERSION = YES;
				CLANG_WARN_OBJC_IMPLICIT_RETAIN_SELF = YES;
				CLANG_WARN_OBJC_LITERAL_CONVERSION = YES;
				CLANG_WARN_OBJC_ROOT_CLASS = YES_ERROR;
				CLANG_WARN_QUOTED_INCLUDE_IN_FRAMEWORK_HEADER = YES;
				CLANG_WARN_RANGE_LOOP_ANALYSIS = YES;
				CLANG_WARN_STRICT_PROTOTYPES = YES;
				CLANG_WARN_SUSPICIOUS_MOVE = YES;
				CLANG_WARN_UNGUARDED_AVAILABILITY = YES_AGGRESSIVE;
				CLANG_WARN_UNREACHABLE_CODE = YES;
				CLANG_WARN__DUPLICATE_METHOD_MATCH = YES;
				COPY_PHASE_STRIP = NO;
				DEBUG_INFORMATION_FORMAT = dwarf;
				ENABLE_STRICT_OBJC_MSGSEND = YES;
				ENABLE_TESTABILITY = YES;
				GCC_C_LANGUAGE_STANDARD = gnu11;
				GCC_DYNAMIC_NO_PIC = NO;
				GCC_NO_COMMON_BLOCKS = YES;
				GCC_OPTIMIZATION_LEVEL = 0;
				GCC_PREPROCESSOR_DEFINITIONS = (
					"DEBUG=1",
					"$(inherited)",
				);
				GCC_WARN_64_TO_32_BIT_CONVERSION = YES;
				GCC_WARN_ABOUT_RETURN_TYPE = YES_ERROR;
				GCC_WARN_UNDECLARED_SELECTOR = YES;
				GCC_WARN_UNINITIALIZED_AUTOS = YES_AGGRESSIVE;
				GCC_WARN_UNUSED_FUNCTION = YES;
				GCC_WARN_UNUSED_VARIABLE = YES;
				IPHONEOS_DEPLOYMENT_TARGET = 13.0;
				MTL_ENABLE_DEBUG_INFO = INCLUDE_SOURCE;
				MTL_FAST_MATH = YES;
				ONLY_ACTIVE_ARCH = YES;
				SDKROOT = iphoneos;
				SWIFT_ACTIVE_COMPILATION_CONDITIONS = DEBUG;
				SWIFT_OPTIMIZATION_LEVEL = "-Onone";
			};
			name = Debug;
		};
		93436FF82644417D0061C8F5 /* Release */ = {
			isa = XCBuildConfiguration;
			buildSettings = {
				ALWAYS_SEARCH_USER_PATHS = NO;
				CLANG_ANALYZER_NONNULL = YES;
				CLANG_ANALYZER_NUMBER_OBJECT_CONVERSION = YES_AGGRESSIVE;
				CLANG_CXX_LANGUAGE_STANDARD = "gnu++14";
				CLANG_CXX_LIBRARY = "libc++";
				CLANG_ENABLE_MODULES = YES;
				CLANG_ENABLE_OBJC_ARC = YES;
				CLANG_ENABLE_OBJC_WEAK = YES;
				CLANG_WARN_BLOCK_CAPTURE_AUTORELEASING = YES;
				CLANG_WARN_BOOL_CONVERSION = YES;
				CLANG_WARN_COMMA = YES;
				CLANG_WARN_CONSTANT_CONVERSION = YES;
				CLANG_WARN_DEPRECATED_OBJC_IMPLEMENTATIONS = YES;
				CLANG_WARN_DIRECT_OBJC_ISA_USAGE = YES_ERROR;
				CLANG_WARN_DOCUMENTATION_COMMENTS = YES;
				CLANG_WARN_EMPTY_BODY = YES;
				CLANG_WARN_ENUM_CONVERSION = YES;
				CLANG_WARN_INFINITE_RECURSION = YES;
				CLANG_WARN_INT_CONVERSION = YES;
				CLANG_WARN_NON_LITERAL_NULL_CONVERSION = YES;
				CLANG_WARN_OBJC_IMPLICIT_RETAIN_SELF = YES;
				CLANG_WARN_OBJC_LITERAL_CONVERSION = YES;
				CLANG_WARN_OBJC_ROOT_CLASS = YES_ERROR;
				CLANG_WARN_QUOTED_INCLUDE_IN_FRAMEWORK_HEADER = YES;
				CLANG_WARN_RANGE_LOOP_ANALYSIS = YES;
				CLANG_WARN_STRICT_PROTOTYPES = YES;
				CLANG_WARN_SUSPICIOUS_MOVE = YES;
				CLANG_WARN_UNGUARDED_AVAILABILITY = YES_AGGRESSIVE;
				CLANG_WARN_UNREACHABLE_CODE = YES;
				CLANG_WARN__DUPLICATE_METHOD_MATCH = YES;
				COPY_PHASE_STRIP = NO;
				DEBUG_INFORMATION_FORMAT = "dwarf-with-dsym";
				ENABLE_NS_ASSERTIONS = NO;
				ENABLE_STRICT_OBJC_MSGSEND = YES;
				GCC_C_LANGUAGE_STANDARD = gnu11;
				GCC_NO_COMMON_BLOCKS = YES;
				GCC_WARN_64_TO_32_BIT_CONVERSION = YES;
				GCC_WARN_ABOUT_RETURN_TYPE = YES_ERROR;
				GCC_WARN_UNDECLARED_SELECTOR = YES;
				GCC_WARN_UNINITIALIZED_AUTOS = YES_AGGRESSIVE;
				GCC_WARN_UNUSED_FUNCTION = YES;
				GCC_WARN_UNUSED_VARIABLE = YES;
				IPHONEOS_DEPLOYMENT_TARGET = 13.0;
				MTL_ENABLE_DEBUG_INFO = NO;
				MTL_FAST_MATH = YES;
				SDKROOT = iphoneos;
				SWIFT_COMPILATION_MODE = wholemodule;
				SWIFT_OPTIMIZATION_LEVEL = "-O";
				VALIDATE_PRODUCT = YES;
			};
			name = Release;
		};
		93436FFA2644417D0061C8F5 /* Debug */ = {
			isa = XCBuildConfiguration;
			buildSettings = {
				ASSETCATALOG_COMPILER_APPICON_NAME = AppIcon;
				ASSETCATALOG_COMPILER_GLOBAL_ACCENT_COLOR_NAME = AccentColor;
				CODE_SIGN_STYLE = Automatic;
				INFOPLIST_FILE = FortNightly/Info.plist;
				LD_RUNPATH_SEARCH_PATHS = (
					"$(inherited)",
					"@executable_path/Frameworks",
				);
				PRODUCT_BUNDLE_IDENTIFIER = chinna.FortNightly;
				PRODUCT_NAME = "$(TARGET_NAME)";
				SWIFT_VERSION = 5.0;
				TARGETED_DEVICE_FAMILY = "1,2";
			};
			name = Debug;
		};
		93436FFB2644417D0061C8F5 /* Release */ = {
			isa = XCBuildConfiguration;
			buildSettings = {
				ASSETCATALOG_COMPILER_APPICON_NAME = AppIcon;
				ASSETCATALOG_COMPILER_GLOBAL_ACCENT_COLOR_NAME = AccentColor;
				CODE_SIGN_STYLE = Automatic;
				INFOPLIST_FILE = FortNightly/Info.plist;
				LD_RUNPATH_SEARCH_PATHS = (
					"$(inherited)",
					"@executable_path/Frameworks",
				);
				PRODUCT_BUNDLE_IDENTIFIER = chinna.FortNightly;
				PRODUCT_NAME = "$(TARGET_NAME)";
				SWIFT_VERSION = 5.0;
				TARGETED_DEVICE_FAMILY = "1,2";
			};
			name = Release;
		};
		93436FFD2644417D0061C8F5 /* Debug */ = {
			isa = XCBuildConfiguration;
			buildSettings = {
				ALWAYS_EMBED_SWIFT_STANDARD_LIBRARIES = YES;
				BUNDLE_LOADER = "$(TEST_HOST)";
				CODE_SIGN_STYLE = Automatic;
				INFOPLIST_FILE = FortNightlyTests/Info.plist;
				IPHONEOS_DEPLOYMENT_TARGET = 14.0;
				LD_RUNPATH_SEARCH_PATHS = (
					"$(inherited)",
					"@executable_path/Frameworks",
					"@loader_path/Frameworks",
				);
				PRODUCT_BUNDLE_IDENTIFIER = chinna.FortNightlyTests;
				PRODUCT_NAME = "$(TARGET_NAME)";
				SWIFT_VERSION = 5.0;
				TARGETED_DEVICE_FAMILY = "1,2";
				TEST_HOST = "$(BUILT_PRODUCTS_DIR)/FortNightly.app/FortNightly";
			};
			name = Debug;
		};
		93436FFE2644417D0061C8F5 /* Release */ = {
			isa = XCBuildConfiguration;
			buildSettings = {
				ALWAYS_EMBED_SWIFT_STANDARD_LIBRARIES = YES;
				BUNDLE_LOADER = "$(TEST_HOST)";
				CODE_SIGN_STYLE = Automatic;
				INFOPLIST_FILE = FortNightlyTests/Info.plist;
				IPHONEOS_DEPLOYMENT_TARGET = 14.0;
				LD_RUNPATH_SEARCH_PATHS = (
					"$(inherited)",
					"@executable_path/Frameworks",
					"@loader_path/Frameworks",
				);
				PRODUCT_BUNDLE_IDENTIFIER = chinna.FortNightlyTests;
				PRODUCT_NAME = "$(TARGET_NAME)";
				SWIFT_VERSION = 5.0;
				TARGETED_DEVICE_FAMILY = "1,2";
				TEST_HOST = "$(BUILT_PRODUCTS_DIR)/FortNightly.app/FortNightly";
			};
			name = Release;
		};
		934370002644417D0061C8F5 /* Debug */ = {
			isa = XCBuildConfiguration;
			buildSettings = {
				ALWAYS_EMBED_SWIFT_STANDARD_LIBRARIES = YES;
				CODE_SIGN_STYLE = Automatic;
				INFOPLIST_FILE = FortNightlyUITests/Info.plist;
				LD_RUNPATH_SEARCH_PATHS = (
					"$(inherited)",
					"@executable_path/Frameworks",
					"@loader_path/Frameworks",
				);
				PRODUCT_BUNDLE_IDENTIFIER = chinna.FortNightlyUITests;
				PRODUCT_NAME = "$(TARGET_NAME)";
				SWIFT_VERSION = 5.0;
				TARGETED_DEVICE_FAMILY = "1,2";
				TEST_TARGET_NAME = FortNightly;
			};
			name = Debug;
		};
		934370012644417D0061C8F5 /* Release */ = {
			isa = XCBuildConfiguration;
			buildSettings = {
				ALWAYS_EMBED_SWIFT_STANDARD_LIBRARIES = YES;
				CODE_SIGN_STYLE = Automatic;
				INFOPLIST_FILE = FortNightlyUITests/Info.plist;
				LD_RUNPATH_SEARCH_PATHS = (
					"$(inherited)",
					"@executable_path/Frameworks",
					"@loader_path/Frameworks",
				);
				PRODUCT_BUNDLE_IDENTIFIER = chinna.FortNightlyUITests;
				PRODUCT_NAME = "$(TARGET_NAME)";
				SWIFT_VERSION = 5.0;
				TARGETED_DEVICE_FAMILY = "1,2";
				TEST_TARGET_NAME = FortNightly;
			};
			name = Release;
		};
/* End XCBuildConfiguration section */

/* Begin XCConfigurationList section */
		93436FCA2644417B0061C8F5 /* Build configuration list for PBXProject "FortNightly" */ = {
			isa = XCConfigurationList;
			buildConfigurations = (
				93436FF72644417D0061C8F5 /* Debug */,
				93436FF82644417D0061C8F5 /* Release */,
			);
			defaultConfigurationIsVisible = 0;
			defaultConfigurationName = Release;
		};
		93436FF92644417D0061C8F5 /* Build configuration list for PBXNativeTarget "FortNightly" */ = {
			isa = XCConfigurationList;
			buildConfigurations = (
				93436FFA2644417D0061C8F5 /* Debug */,
				93436FFB2644417D0061C8F5 /* Release */,
			);
			defaultConfigurationIsVisible = 0;
			defaultConfigurationName = Release;
		};
		93436FFC2644417D0061C8F5 /* Build configuration list for PBXNativeTarget "FortNightlyTests" */ = {
			isa = XCConfigurationList;
			buildConfigurations = (
				93436FFD2644417D0061C8F5 /* Debug */,
				93436FFE2644417D0061C8F5 /* Release */,
			);
			defaultConfigurationIsVisible = 0;
			defaultConfigurationName = Release;
		};
		93436FFF2644417D0061C8F5 /* Build configuration list for PBXNativeTarget "FortNightlyUITests" */ = {
			isa = XCConfigurationList;
			buildConfigurations = (
				934370002644417D0061C8F5 /* Debug */,
				934370012644417D0061C8F5 /* Release */,
			);
			defaultConfigurationIsVisible = 0;
			defaultConfigurationName = Release;
		};
/* End XCConfigurationList section */
	};
	rootObject = 93436FC72644417B0061C8F5 /* Project object */;
}
